
Microsoft Visual Studio Solution File, Format Version 12.00
# Visual Studio Version 17
VisualStudioVersion = 17.3.32901.215
MinimumVisualStudioVersion = 10.0.40219.1
Project("{FAE04EC0-301F-11D3-BF4B-00C04F79EFBC}") = "string example n96", "string example n96\string example n96.csproj", "{0E983A50-BE4B-4D8D-885C-A1FEA18D1006}"
EndProject
Global
	GlobalSection(SolutionConfigurationPlatforms) = preSolution
		Debug|Any CPU = Debug|Any CPU
		Release|Any CPU = Release|Any CPU
	EndGlobalSection
	GlobalSection(ProjectConfigurationPlatforms) = postSolution
		{0E983A50-BE4B-4D8D-885C-A1FEA18D1006}.Debug|Any CPU.ActiveCfg = Debug|Any CPU
		{0E983A50-BE4B-4D8D-885C-A1FEA18D1006}.Debug|Any CPU.Build.0 = Debug|Any CPU
		{0E983A50-BE4B-4D8D-885C-A1FEA18D1006}.Release|Any CPU.ActiveCfg = Release|Any CPU
		{0E983A50-BE4B-4D8D-885C-A1FEA18D1006}.Release|Any CPU.Build.0 = Release|Any CPU
	EndGlobalSection
	GlobalSection(SolutionProperties) = preSolution
		HideSolutionNode = FALSE
	EndGlobalSection
	GlobalSection(ExtensibilityGlobals) = postSolution
		SolutionGuid = {7A063881-9798-413D-B01B-77D617E79EBB}
	EndGlobalSection
EndGlobal
